
Microsoft Visual Studio Solution File, Format Version 12.00
# Visual Studio Version 17
VisualStudioVersion = 17.4.33403.182
MinimumVisualStudioVersion = 10.0.40219.1
Project("{FAE04EC0-301F-11D3-BF4B-00C04F79EFBC}") = "Lab2_Proga_KS26_Chochebashvili", "Lab2_Proga_KS26_Chochebashvili\Lab2_Proga_KS26_Chochebashvili.csproj", "{BADC3753-D5AA-4F17-B7DB-E56A562B2620}"
EndProject
Global
	GlobalSection(SolutionConfigurationPlatforms) = preSolution
		Debug|Any CPU = Debug|Any CPU
		Release|Any CPU = Release|Any CPU
	EndGlobalSection
	GlobalSection(ProjectConfigurationPlatforms) = postSolution
		{BADC3753-D5AA-4F17-B7DB-E56A562B2620}.Debug|Any CPU.ActiveCfg = Debug|Any CPU
		{BADC3753-D5AA-4F17-B7DB-E56A562B2620}.Debug|Any CPU.Build.0 = Debug|Any CPU
		{BADC3753-D5AA-4F17-B7DB-E56A562B2620}.Release|Any CPU.ActiveCfg = Release|Any CPU
		{BADC3753-D5AA-4F17-B7DB-E56A562B2620}.Release|Any CPU.Build.0 = Release|Any CPU
	EndGlobalSection
	GlobalSection(SolutionProperties) = preSolution
		HideSolutionNode = FALSE
	EndGlobalSection
	GlobalSection(ExtensibilityGlobals) = postSolution
		SolutionGuid = {04A4564B-4296-412E-A052-1DAF89B0491A}
	EndGlobalSection
EndGlobal
